
Microsoft Visual Studio Solution File, Format Version 12.00
# Visual Studio Version 17
VisualStudioVersion = 17.14.36121.58 d17.14
MinimumVisualStudioVersion = 10.0.40219.1
Project("{FAE04EC0-301F-11D3-BF4B-00C04F79EFBC}") = "Praktika", "Praktika\Praktika.csproj", "{53FC71F5-B7DB-42D7-9E65-0E1D3F707DE1}"
EndProject
Global
	GlobalSection(SolutionConfigurationPlatforms) = preSolution
		Debug|Any CPU = Debug|Any CPU
		Release|Any CPU = Release|Any CPU
	EndGlobalSection
	GlobalSection(ProjectConfigurationPlatforms) = postSolution
		{53FC71F5-B7DB-42D7-9E65-0E1D3F707DE1}.Debug|Any CPU.ActiveCfg = Debug|Any CPU
		{53FC71F5-B7DB-42D7-9E65-0E1D3F707DE1}.Debug|Any CPU.Build.0 = Debug|Any CPU
		{53FC71F5-B7DB-42D7-9E65-0E1D3F707DE1}.Release|Any CPU.ActiveCfg = Release|Any CPU
		{53FC71F5-B7DB-42D7-9E65-0E1D3F707DE1}.Release|Any CPU.Build.0 = Release|Any CPU
	EndGlobalSection
	GlobalSection(SolutionProperties) = preSolution
		HideSolutionNode = FALSE
	EndGlobalSection
	GlobalSection(ExtensibilityGlobals) = postSolution
		SolutionGuid = {AF42A6E7-F58F-41F6-B607-DB5435D45180}
	EndGlobalSection
EndGlobal
